
Microsoft Visual Studio Solution File, Format Version 12.00
# Visual Studio Version 17
VisualStudioVersion = 17.9.34701.34
MinimumVisualStudioVersion = 10.0.40219.1
Project("{9A19103F-16F7-4668-BE54-9A1E7A4F7556}") = "Investigation.Shared", "Investigation.Shared\Investigation.Shared.csproj", "{439F58D9-0320-4BBB-8BBC-0B7BE920B4C8}"
EndProject
Project("{9A19103F-16F7-4668-BE54-9A1E7A4F7556}") = "Investigation.API", "Investigation.API\Investigation.API.csproj", "{325439A7-BAEF-4C6F-8970-08307588111A}"
EndProject
Project("{9A19103F-16F7-4668-BE54-9A1E7A4F7556}") = "Investigation.WEB", "Investigation.WEB\Investigation.WEB.csproj", "{D518D26F-B7B6-4350-B2A3-057E45E55396}"
EndProject
Global
	GlobalSection(SolutionConfigurationPlatforms) = preSolution
		Debug|Any CPU = Debug|Any CPU
		Release|Any CPU = Release|Any CPU
	EndGlobalSection
	GlobalSection(ProjectConfigurationPlatforms) = postSolution
		{439F58D9-0320-4BBB-8BBC-0B7BE920B4C8}.Debug|Any CPU.ActiveCfg = Debug|Any CPU
		{439F58D9-0320-4BBB-8BBC-0B7BE920B4C8}.Debug|Any CPU.Build.0 = Debug|Any CPU
		{439F58D9-0320-4BBB-8BBC-0B7BE920B4C8}.Release|Any CPU.ActiveCfg = Release|Any CPU
		{439F58D9-0320-4BBB-8BBC-0B7BE920B4C8}.Release|Any CPU.Build.0 = Release|Any CPU
		{325439A7-BAEF-4C6F-8970-08307588111A}.Debug|Any CPU.ActiveCfg = Debug|Any CPU
		{325439A7-BAEF-4C6F-8970-08307588111A}.Debug|Any CPU.Build.0 = Debug|Any CPU
		{325439A7-BAEF-4C6F-8970-08307588111A}.Release|Any CPU.ActiveCfg = Release|Any CPU
		{325439A7-BAEF-4C6F-8970-08307588111A}.Release|Any CPU.Build.0 = Release|Any CPU
		{D518D26F-B7B6-4350-B2A3-057E45E55396}.Debug|Any CPU.ActiveCfg = Debug|Any CPU
		{D518D26F-B7B6-4350-B2A3-057E45E55396}.Debug|Any CPU.Build.0 = Debug|Any CPU
		{D518D26F-B7B6-4350-B2A3-057E45E55396}.Release|Any CPU.ActiveCfg = Release|Any CPU
		{D518D26F-B7B6-4350-B2A3-057E45E55396}.Release|Any CPU.Build.0 = Release|Any CPU
	EndGlobalSection
	GlobalSection(SolutionProperties) = preSolution
		HideSolutionNode = FALSE
	EndGlobalSection
	GlobalSection(ExtensibilityGlobals) = postSolution
		SolutionGuid = {397C1429-4595-4775-81F6-EAF658E5F845}
	EndGlobalSection
EndGlobal
